# This file is autogenerated, do not edit; changes may be undone by the next 'dep ensure'.


[[projects]]
  branch = "master"
  digest = "1:a119a246b037e343ecaeb8dd6ac9631d43ea964f413e6ed5398caea7f838c97d"
  name = "github.com/asticode/goav"
  packages = [
    "avcodec",
    "avformat",
    "avutil",
  ]
  pruneopts = "UT"
  revision = "990eb7211e77a93c7581c02552d8dc02c0804e13"

[solve-meta]
  analyzer-name = "dep"
  analyzer-version = 1
  input-imports = ["github.com/asticode/goav/avformat"]
  solver-name = "gps-cdcl"
  solver-version = 1
